{
  "socketPath": "/tmp/mcp-NVic7O/mcp.sock",
  "scheme": "unix",
  "headers": {
    "Authorization": "Nonce a463fe81-eb3d-4f3e-bb64-511384224be4"
  },
  "pid": 80372,
  "ideName": "Visual Studio Code",
  "timestamp": 1773640878812,
  "workspaceFolders": [
    "/teamspace/studios/this_studio"
  ],
  "isTrusted": true
}