{
  "socketPath": "/tmp/mcp-319cI4/mcp.sock",
  "scheme": "unix",
  "headers": {
    "Authorization": "Nonce 9e99a9d1-1647-4f55-8e00-9306f1d14348"
  },
  "pid": 4311,
  "ideName": "Visual Studio Code",
  "timestamp": 1773639548804,
  "workspaceFolders": [
    "/teamspace/studios/this_studio"
  ],
  "isTrusted": true
}