{
  "socketPath": "/tmp/mcp-rkWbak/mcp.sock",
  "scheme": "unix",
  "headers": {
    "Authorization": "Nonce 9fd3ece9-d53d-40a3-9a4c-9ffaa4db3f53"
  },
  "pid": 4474,
  "ideName": "Visual Studio Code",
  "timestamp": 1773628927771,
  "workspaceFolders": [
    "/teamspace/studios/this_studio"
  ],
  "isTrusted": true
}