{
  "socketPath": "/tmp/mcp-tt32FT/mcp.sock",
  "scheme": "unix",
  "headers": {
    "Authorization": "Nonce 0f72b94c-b0fb-4bc1-b0fe-e22e70c7f403"
  },
  "pid": 69118,
  "ideName": "Visual Studio Code",
  "timestamp": 1773631587059,
  "workspaceFolders": [
    "/teamspace/studios/this_studio"
  ],
  "isTrusted": true
}